
Microsoft Visual Studio Solution File, Format Version 12.00
# Visual Studio Version 17
VisualStudioVersion = 17.0.32126.317
MinimumVisualStudioVersion = 10.0.40219.1
Project("{2150E333-8FDC-42A3-9474-1A3956D46DE8}") = "src", "src", "{AD2AD5B6-DDBE-4536-84D5-D1FEEC27E475}"
EndProject
Project("{2150E333-8FDC-42A3-9474-1A3956D46DE8}") = "1.Persistence", "1.Persistence", "{69418BB9-1748-4D39-9D56-AA6CDF2D9782}"
EndProject
Project("{9A19103F-16F7-4668-BE54-9A1E7A4F7556}") = "Idk.Persistence.Config", "src\Persistence\Idk.Persistence.Config\Idk.Persistence.Config.csproj", "{D4330191-20DB-4EE5-8CAD-A7BD8501A6DD}"
EndProject
Project("{9A19103F-16F7-4668-BE54-9A1E7A4F7556}") = "Idk.Persistence.Manager", "src\Persistence\Idk.Persistence.Manager\Idk.Persistence.Manager.csproj", "{74C77DEB-33C3-4304-90FB-B0A022027D39}"
EndProject
Project("{9A19103F-16F7-4668-BE54-9A1E7A4F7556}") = "Idk.Persistence.Tenant", "src\Persistence\Idk.Persistence.Tenant\Idk.Persistence.Tenant.csproj", "{528EBBF8-D546-48A3-A8C2-CA3BA386A201}"
EndProject
Project("{2150E333-8FDC-42A3-9474-1A3956D46DE8}") = "2.Domain", "2.Domain", "{B0AE9F79-3529-43AC-B5B8-6C3FE0C106B0}"
EndProject
Project("{9A19103F-16F7-4668-BE54-9A1E7A4F7556}") = "Idk.Domain.Manager", "src\Domain\Idk.Domain.Manager\Idk.Domain.Manager.csproj", "{2706CD99-2E2B-4F39-B7CD-35AD702468E0}"
EndProject
Project("{9A19103F-16F7-4668-BE54-9A1E7A4F7556}") = "Idk.Domain.Tenant", "src\Domain\Idk.Domain.Tenant\Idk.Domain.Tenant.csproj", "{3718FF92-DD35-4736-AB81-D67D026C1E96}"
EndProject
Project("{2150E333-8FDC-42A3-9474-1A3956D46DE8}") = "4.Application", "4.Application", "{448F7E31-EE6F-43F0-8C9C-12110BB03474}"
EndProject
Project("{9A19103F-16F7-4668-BE54-9A1E7A4F7556}") = "Idk.Application.Manager", "src\Application\Idk.Application.Manager\Idk.Application.Manager.csproj", "{3C2780C7-E7DE-47D0-AE96-0154D19F33A2}"
EndProject
Project("{9A19103F-16F7-4668-BE54-9A1E7A4F7556}") = "Idk.Application.Tenant", "src\Application\Idk.Application.Tenant\Idk.Application.Tenant.csproj", "{72B64651-5474-425A-BBE1-9EA2210E56B3}"
EndProject
Project("{9A19103F-16F7-4668-BE54-9A1E7A4F7556}") = "Idk.API", "src\Idk.API\Idk.API.csproj", "{B343EF94-62B3-4B7B-85FE-46F9B92637C5}"
EndProject
Project("{9A19103F-16F7-4668-BE54-9A1E7A4F7556}") = "Idk.Domain.Common", "src\Domain\Idk.Domain.Common\Idk.Domain.Common.csproj", "{CAEBC326-0099-4920-8457-0FFF46CAA7B5}"
EndProject
Project("{2150E333-8FDC-42A3-9474-1A3956D46DE8}") = "3.DataAccess", "3.DataAccess", "{39485A4E-E642-49A5-997F-0A5F9182E941}"
EndProject
Project("{9A19103F-16F7-4668-BE54-9A1E7A4F7556}") = "Idk.DataAccess.Manager.EF", "src\DataAccess\Idk.DataAccess.Manager.EF\Idk.DataAccess.Manager.EF.csproj", "{DE620A85-1814-45F9-A9CB-797E23DDD883}"
EndProject
Project("{9A19103F-16F7-4668-BE54-9A1E7A4F7556}") = "Idk.DataAccess.Manager", "src\DataAccess\Idk.DataAccess.Manager\Idk.DataAccess.Manager.csproj", "{FF35DBC7-B379-421B-92BF-4C67FDF85EAC}"
EndProject
Project("{9A19103F-16F7-4668-BE54-9A1E7A4F7556}") = "Idk.Persistence.Common", "src\Persistence\Idk.Persistence.Common\Idk.Persistence.Common.csproj", "{02636E79-FB26-4507-8A4C-3AEBE35C9416}"
EndProject
Project("{9A19103F-16F7-4668-BE54-9A1E7A4F7556}") = "Idk.DataAccess.Tenant", "src\DataAccess\Idk.DataAccess.Tenant\Idk.DataAccess.Tenant.csproj", "{4E289C25-534E-4D9A-9039-C936BBE0C4DA}"
EndProject
Project("{9A19103F-16F7-4668-BE54-9A1E7A4F7556}") = "Idk.DataAccess.Tenant.EF", "src\DataAccess\Idk.DataAccess.Tenant.EF\Idk.DataAccess.Tenant.EF.csproj", "{3D40602C-DE9E-4E52-8940-E47E41901627}"
EndProject
Global
	GlobalSection(SolutionConfigurationPlatforms) = preSolution
		Debug|Any CPU = Debug|Any CPU
		Debug|x64 = Debug|x64
		Release|Any CPU = Release|Any CPU
		Release|x64 = Release|x64
	EndGlobalSection
	GlobalSection(ProjectConfigurationPlatforms) = postSolution
		{D4330191-20DB-4EE5-8CAD-A7BD8501A6DD}.Debug|Any CPU.ActiveCfg = Debug|Any CPU
		{D4330191-20DB-4EE5-8CAD-A7BD8501A6DD}.Debug|Any CPU.Build.0 = Debug|Any CPU
		{D4330191-20DB-4EE5-8CAD-A7BD8501A6DD}.Debug|x64.ActiveCfg = Debug|x64
		{D4330191-20DB-4EE5-8CAD-A7BD8501A6DD}.Debug|x64.Build.0 = Debug|x64
		{D4330191-20DB-4EE5-8CAD-A7BD8501A6DD}.Release|Any CPU.ActiveCfg = Release|Any CPU
		{D4330191-20DB-4EE5-8CAD-A7BD8501A6DD}.Release|Any CPU.Build.0 = Release|Any CPU
		{D4330191-20DB-4EE5-8CAD-A7BD8501A6DD}.Release|x64.ActiveCfg = Release|x64
		{D4330191-20DB-4EE5-8CAD-A7BD8501A6DD}.Release|x64.Build.0 = Release|x64
		{74C77DEB-33C3-4304-90FB-B0A022027D39}.Debug|Any CPU.ActiveCfg = Debug|Any CPU
		{74C77DEB-33C3-4304-90FB-B0A022027D39}.Debug|Any CPU.Build.0 = Debug|Any CPU
		{74C77DEB-33C3-4304-90FB-B0A022027D39}.Debug|x64.ActiveCfg = Debug|x64
		{74C77DEB-33C3-4304-90FB-B0A022027D39}.Debug|x64.Build.0 = Debug|x64
		{74C77DEB-33C3-4304-90FB-B0A022027D39}.Release|Any CPU.ActiveCfg = Release|Any CPU
		{74C77DEB-33C3-4304-90FB-B0A022027D39}.Release|Any CPU.Build.0 = Release|Any CPU
		{74C77DEB-33C3-4304-90FB-B0A022027D39}.Release|x64.ActiveCfg = Release|x64
		{74C77DEB-33C3-4304-90FB-B0A022027D39}.Release|x64.Build.0 = Release|x64
		{528EBBF8-D546-48A3-A8C2-CA3BA386A201}.Debug|Any CPU.ActiveCfg = Debug|Any CPU
		{528EBBF8-D546-48A3-A8C2-CA3BA386A201}.Debug|Any CPU.Build.0 = Debug|Any CPU
		{528EBBF8-D546-48A3-A8C2-CA3BA386A201}.Debug|x64.ActiveCfg = Debug|x64
		{528EBBF8-D546-48A3-A8C2-CA3BA386A201}.Debug|x64.Build.0 = Debug|x64
		{528EBBF8-D546-48A3-A8C2-CA3BA386A201}.Release|Any CPU.ActiveCfg = Release|Any CPU
		{528EBBF8-D546-48A3-A8C2-CA3BA386A201}.Release|Any CPU.Build.0 = Release|Any CPU
		{528EBBF8-D546-48A3-A8C2-CA3BA386A201}.Release|x64.ActiveCfg = Release|x64
		{528EBBF8-D546-48A3-A8C2-CA3BA386A201}.Release|x64.Build.0 = Release|x64
		{2706CD99-2E2B-4F39-B7CD-35AD702468E0}.Debug|Any CPU.ActiveCfg = Debug|Any CPU
		{2706CD99-2E2B-4F39-B7CD-35AD702468E0}.Debug|Any CPU.Build.0 = Debug|Any CPU
		{2706CD99-2E2B-4F39-B7CD-35AD702468E0}.Debug|x64.ActiveCfg = Debug|x64
		{2706CD99-2E2B-4F39-B7CD-35AD702468E0}.Debug|x64.Build.0 = Debug|x64
		{2706CD99-2E2B-4F39-B7CD-35AD702468E0}.Release|Any CPU.ActiveCfg = Release|Any CPU
		{2706CD99-2E2B-4F39-B7CD-35AD702468E0}.Release|Any CPU.Build.0 = Release|Any CPU
		{2706CD99-2E2B-4F39-B7CD-35AD702468E0}.Release|x64.ActiveCfg = Release|x64
		{2706CD99-2E2B-4F39-B7CD-35AD702468E0}.Release|x64.Build.0 = Release|x64
		{3718FF92-DD35-4736-AB81-D67D026C1E96}.Debug|Any CPU.ActiveCfg = Debug|Any CPU
		{3718FF92-DD35-4736-AB81-D67D026C1E96}.Debug|Any CPU.Build.0 = Debug|Any CPU
		{3718FF92-DD35-4736-AB81-D67D026C1E96}.Debug|x64.ActiveCfg = Debug|x64
		{3718FF92-DD35-4736-AB81-D67D026C1E96}.Debug|x64.Build.0 = Debug|x64
		{3718FF92-DD35-4736-AB81-D67D026C1E96}.Release|Any CPU.ActiveCfg = Release|Any CPU
		{3718FF92-DD35-4736-AB81-D67D026C1E96}.Release|Any CPU.Build.0 = Release|Any CPU
		{3718FF92-DD35-4736-AB81-D67D026C1E96}.Release|x64.ActiveCfg = Release|x64
		{3718FF92-DD35-4736-AB81-D67D026C1E96}.Release|x64.Build.0 = Release|x64
		{3C2780C7-E7DE-47D0-AE96-0154D19F33A2}.Debug|Any CPU.ActiveCfg = Debug|Any CPU
		{3C2780C7-E7DE-47D0-AE96-0154D19F33A2}.Debug|Any CPU.Build.0 = Debug|Any CPU
		{3C2780C7-E7DE-47D0-AE96-0154D19F33A2}.Debug|x64.ActiveCfg = Debug|x64
		{3C2780C7-E7DE-47D0-AE96-0154D19F33A2}.Debug|x64.Build.0 = Debug|x64
		{3C2780C7-E7DE-47D0-AE96-0154D19F33A2}.Release|Any CPU.ActiveCfg = Release|Any CPU
		{3C2780C7-E7DE-47D0-AE96-0154D19F33A2}.Release|Any CPU.Build.0 = Release|Any CPU
		{3C2780C7-E7DE-47D0-AE96-0154D19F33A2}.Release|x64.ActiveCfg = Release|x64
		{3C2780C7-E7DE-47D0-AE96-0154D19F33A2}.Release|x64.Build.0 = Release|x64
		{72B64651-5474-425A-BBE1-9EA2210E56B3}.Debug|Any CPU.ActiveCfg = Debug|Any CPU
		{72B64651-5474-425A-BBE1-9EA2210E56B3}.Debug|Any CPU.Build.0 = Debug|Any CPU
		{72B64651-5474-425A-BBE1-9EA2210E56B3}.Debug|x64.ActiveCfg = Debug|x64
		{72B64651-5474-425A-BBE1-9EA2210E56B3}.Debug|x64.Build.0 = Debug|x64
		{72B64651-5474-425A-BBE1-9EA2210E56B3}.Release|Any CPU.ActiveCfg = Release|Any CPU
		{72B64651-5474-425A-BBE1-9EA2210E56B3}.Release|Any CPU.Build.0 = Release|Any CPU
		{72B64651-5474-425A-BBE1-9EA2210E56B3}.Release|x64.ActiveCfg = Release|x64
		{72B64651-5474-425A-BBE1-9EA2210E56B3}.Release|x64.Build.0 = Release|x64
		{B343EF94-62B3-4B7B-85FE-46F9B92637C5}.Debug|Any CPU.ActiveCfg = Debug|Any CPU
		{B343EF94-62B3-4B7B-85FE-46F9B92637C5}.Debug|Any CPU.Build.0 = Debug|Any CPU
		{B343EF94-62B3-4B7B-85FE-46F9B92637C5}.Debug|x64.ActiveCfg = Debug|x64
		{B343EF94-62B3-4B7B-85FE-46F9B92637C5}.Debug|x64.Build.0 = Debug|x64
		{B343EF94-62B3-4B7B-85FE-46F9B92637C5}.Release|Any CPU.ActiveCfg = Release|Any CPU
		{B343EF94-62B3-4B7B-85FE-46F9B92637C5}.Release|Any CPU.Build.0 = Release|Any CPU
		{B343EF94-62B3-4B7B-85FE-46F9B92637C5}.Release|x64.ActiveCfg = Release|x64
		{B343EF94-62B3-4B7B-85FE-46F9B92637C5}.Release|x64.Build.0 = Release|x64
		{CAEBC326-0099-4920-8457-0FFF46CAA7B5}.Debug|Any CPU.ActiveCfg = Debug|Any CPU
		{CAEBC326-0099-4920-8457-0FFF46CAA7B5}.Debug|Any CPU.Build.0 = Debug|Any CPU
		{CAEBC326-0099-4920-8457-0FFF46CAA7B5}.Debug|x64.ActiveCfg = Debug|x64
		{CAEBC326-0099-4920-8457-0FFF46CAA7B5}.Debug|x64.Build.0 = Debug|x64
		{CAEBC326-0099-4920-8457-0FFF46CAA7B5}.Release|Any CPU.ActiveCfg = Release|Any CPU
		{CAEBC326-0099-4920-8457-0FFF46CAA7B5}.Release|Any CPU.Build.0 = Release|Any CPU
		{CAEBC326-0099-4920-8457-0FFF46CAA7B5}.Release|x64.ActiveCfg = Release|x64
		{CAEBC326-0099-4920-8457-0FFF46CAA7B5}.Release|x64.Build.0 = Release|x64
		{DE620A85-1814-45F9-A9CB-797E23DDD883}.Debug|Any CPU.ActiveCfg = Debug|Any CPU
		{DE620A85-1814-45F9-A9CB-797E23DDD883}.Debug|Any CPU.Build.0 = Debug|Any CPU
		{DE620A85-1814-45F9-A9CB-797E23DDD883}.Debug|x64.ActiveCfg = Debug|x64
		{DE620A85-1814-45F9-A9CB-797E23DDD883}.Debug|x64.Build.0 = Debug|x64
		{DE620A85-1814-45F9-A9CB-797E23DDD883}.Release|Any CPU.ActiveCfg = Release|Any CPU
		{DE620A85-1814-45F9-A9CB-797E23DDD883}.Release|Any CPU.Build.0 = Release|Any CPU
		{DE620A85-1814-45F9-A9CB-797E23DDD883}.Release|x64.ActiveCfg = Release|x64
		{DE620A85-1814-45F9-A9CB-797E23DDD883}.Release|x64.Build.0 = Release|x64
		{FF35DBC7-B379-421B-92BF-4C67FDF85EAC}.Debug|Any CPU.ActiveCfg = Debug|Any CPU
		{FF35DBC7-B379-421B-92BF-4C67FDF85EAC}.Debug|Any CPU.Build.0 = Debug|Any CPU
		{FF35DBC7-B379-421B-92BF-4C67FDF85EAC}.Debug|x64.ActiveCfg = Debug|x64
		{FF35DBC7-B379-421B-92BF-4C67FDF85EAC}.Debug|x64.Build.0 = Debug|x64
		{FF35DBC7-B379-421B-92BF-4C67FDF85EAC}.Release|Any CPU.ActiveCfg = Release|Any CPU
		{FF35DBC7-B379-421B-92BF-4C67FDF85EAC}.Release|Any CPU.Build.0 = Release|Any CPU
		{FF35DBC7-B379-421B-92BF-4C67FDF85EAC}.Release|x64.ActiveCfg = Release|x64
		{FF35DBC7-B379-421B-92BF-4C67FDF85EAC}.Release|x64.Build.0 = Release|x64
		{02636E79-FB26-4507-8A4C-3AEBE35C9416}.Debug|Any CPU.ActiveCfg = Debug|Any CPU
		{02636E79-FB26-4507-8A4C-3AEBE35C9416}.Debug|Any CPU.Build.0 = Debug|Any CPU
		{02636E79-FB26-4507-8A4C-3AEBE35C9416}.Debug|x64.ActiveCfg = Debug|x64
		{02636E79-FB26-4507-8A4C-3AEBE35C9416}.Debug|x64.Build.0 = Debug|x64
		{02636E79-FB26-4507-8A4C-3AEBE35C9416}.Release|Any CPU.ActiveCfg = Release|Any CPU
		{02636E79-FB26-4507-8A4C-3AEBE35C9416}.Release|Any CPU.Build.0 = Release|Any CPU
		{02636E79-FB26-4507-8A4C-3AEBE35C9416}.Release|x64.ActiveCfg = Release|x64
		{02636E79-FB26-4507-8A4C-3AEBE35C9416}.Release|x64.Build.0 = Release|x64
		{4E289C25-534E-4D9A-9039-C936BBE0C4DA}.Debug|Any CPU.ActiveCfg = Debug|Any CPU
		{4E289C25-534E-4D9A-9039-C936BBE0C4DA}.Debug|Any CPU.Build.0 = Debug|Any CPU
		{4E289C25-534E-4D9A-9039-C936BBE0C4DA}.Debug|x64.ActiveCfg = Debug|x64
		{4E289C25-534E-4D9A-9039-C936BBE0C4DA}.Debug|x64.Build.0 = Debug|x64
		{4E289C25-534E-4D9A-9039-C936BBE0C4DA}.Release|Any CPU.ActiveCfg = Release|Any CPU
		{4E289C25-534E-4D9A-9039-C936BBE0C4DA}.Release|Any CPU.Build.0 = Release|Any CPU
		{4E289C25-534E-4D9A-9039-C936BBE0C4DA}.Release|x64.ActiveCfg = Release|x64
		{4E289C25-534E-4D9A-9039-C936BBE0C4DA}.Release|x64.Build.0 = Release|x64
		{3D40602C-DE9E-4E52-8940-E47E41901627}.Debug|Any CPU.ActiveCfg = Debug|Any CPU
		{3D40602C-DE9E-4E52-8940-E47E41901627}.Debug|Any CPU.Build.0 = Debug|Any CPU
		{3D40602C-DE9E-4E52-8940-E47E41901627}.Debug|x64.ActiveCfg = Debug|x64
		{3D40602C-DE9E-4E52-8940-E47E41901627}.Debug|x64.Build.0 = Debug|x64
		{3D40602C-DE9E-4E52-8940-E47E41901627}.Release|Any CPU.ActiveCfg = Release|Any CPU
		{3D40602C-DE9E-4E52-8940-E47E41901627}.Release|Any CPU.Build.0 = Release|Any CPU
		{3D40602C-DE9E-4E52-8940-E47E41901627}.Release|x64.ActiveCfg = Release|x64
		{3D40602C-DE9E-4E52-8940-E47E41901627}.Release|x64.Build.0 = Release|x64
	EndGlobalSection
	GlobalSection(SolutionProperties) = preSolution
		HideSolutionNode = FALSE
	EndGlobalSection
	GlobalSection(NestedProjects) = preSolution
		{69418BB9-1748-4D39-9D56-AA6CDF2D9782} = {AD2AD5B6-DDBE-4536-84D5-D1FEEC27E475}
		{D4330191-20DB-4EE5-8CAD-A7BD8501A6DD} = {69418BB9-1748-4D39-9D56-AA6CDF2D9782}
		{74C77DEB-33C3-4304-90FB-B0A022027D39} = {69418BB9-1748-4D39-9D56-AA6CDF2D9782}
		{528EBBF8-D546-48A3-A8C2-CA3BA386A201} = {69418BB9-1748-4D39-9D56-AA6CDF2D9782}
		{B0AE9F79-3529-43AC-B5B8-6C3FE0C106B0} = {AD2AD5B6-DDBE-4536-84D5-D1FEEC27E475}
		{2706CD99-2E2B-4F39-B7CD-35AD702468E0} = {B0AE9F79-3529-43AC-B5B8-6C3FE0C106B0}
		{3718FF92-DD35-4736-AB81-D67D026C1E96} = {B0AE9F79-3529-43AC-B5B8-6C3FE0C106B0}
		{448F7E31-EE6F-43F0-8C9C-12110BB03474} = {AD2AD5B6-DDBE-4536-84D5-D1FEEC27E475}
		{3C2780C7-E7DE-47D0-AE96-0154D19F33A2} = {448F7E31-EE6F-43F0-8C9C-12110BB03474}
		{72B64651-5474-425A-BBE1-9EA2210E56B3} = {448F7E31-EE6F-43F0-8C9C-12110BB03474}
		{B343EF94-62B3-4B7B-85FE-46F9B92637C5} = {AD2AD5B6-DDBE-4536-84D5-D1FEEC27E475}
		{CAEBC326-0099-4920-8457-0FFF46CAA7B5} = {B0AE9F79-3529-43AC-B5B8-6C3FE0C106B0}
		{39485A4E-E642-49A5-997F-0A5F9182E941} = {AD2AD5B6-DDBE-4536-84D5-D1FEEC27E475}
		{DE620A85-1814-45F9-A9CB-797E23DDD883} = {39485A4E-E642-49A5-997F-0A5F9182E941}
		{FF35DBC7-B379-421B-92BF-4C67FDF85EAC} = {39485A4E-E642-49A5-997F-0A5F9182E941}
		{02636E79-FB26-4507-8A4C-3AEBE35C9416} = {69418BB9-1748-4D39-9D56-AA6CDF2D9782}
		{4E289C25-534E-4D9A-9039-C936BBE0C4DA} = {39485A4E-E642-49A5-997F-0A5F9182E941}
		{3D40602C-DE9E-4E52-8940-E47E41901627} = {39485A4E-E642-49A5-997F-0A5F9182E941}
	EndGlobalSection
	GlobalSection(ExtensibilityGlobals) = postSolution
		SolutionGuid = {30ACE948-F5C9-4DD7-A6DE-6310DCF02E18}
	EndGlobalSection
EndGlobal
